# This lock file was generated by conda-lock (https://github.com/conda-incubator/conda-lock). DO NOT EDIT!
#
# A "lock file" contains a concrete list of package versions (with checksums) to be installed. Unlike
# e.g. `conda env create`, the resulting environment will not change as new package versions become
# available, unless you explicitly update the lock file.
#
# Install this environment as "YOURENV" with:
#     conda-lock install -n YOURENV --file .conda-lock.yml
# To update a single package to the latest version compatible with the version constraints in the source:
#     conda-lock lock --lockfile .conda-lock.yml --update PACKAGE
# To re-solve the entire environment, e.g. after changing a version constraint in the source file:
#     conda-lock -f /home/lpavot/Desktop/projects/MS2snoop/environment.yml --lockfile .conda-lock.yml
metadata:
  channels:
  - url: conda-forge
    used_env_vars: []
  - url: bioconda
    used_env_vars: []
  content_hash:
    linux-64: abbe2eacec9006b27a4a742927898f225bf4f2861fd2023f6f8836543d183a9a
  platforms:
  - linux-64
  sources:
  - /home/lpavot/Desktop/projects/MS2snoop/environment.yml
package:
- category: main
  dependencies: {}
  hash:
    md5: d7c89558ba9fa0495403155b64376d81
    sha256: null
  manager: conda
  name: _libgcc_mutex
  optional: false
  platform: linux-64
  url: https://conda.anaconda.org/conda-forge/linux-64/_libgcc_mutex-0.1-conda_forge.tar.bz2
  version: '0.1'
- category: main
  dependencies: {}
  hash:
    md5: 19f9db5f4f1b7f5ef5f6d67207f25f38
    sha256: null
  manager: conda
  name: _r-mutex
  optional: false
  platform: linux-64
  url: https://conda.anaconda.org/conda-forge/noarch/_r-mutex-1.0.1-anacondar_1.tar.bz2
  version: 1.0.1
- category: main
  dependencies: {}
  hash:
    md5: c320890f77fd1d617fa876e0982002c2
    sha256: null
  manager: conda
  name: ca-certificates
  optional: false
  platform: linux-64
  url: https://conda.anaconda.org/conda-forge/linux-64/ca-certificates-2022.6.15-ha878542_0.tar.bz2
  version: 2022.6.15
- category: main
  dependencies: {}
  hash:
    md5: 0c96522c6bdaed4b1566d11387caaf45
    sha256: null
  manager: conda
  name: font-ttf-dejavu-sans-mono
  optional: false
  platform: linux-64
  url: https://conda.anaconda.org/conda-forge/noarch/font-ttf-dejavu-sans-mono-2.37-hab24e00_0.tar.bz2
  version: '2.37'
- category: main
  dependencies: {}
  hash:
    md5: 34893075a5c9e55cdafac56607368fc6
    sha256: null
  manager: conda
  name: font-ttf-inconsolata
  optional: false
  platform: linux-64
  url: https://conda.anaconda.org/conda-forge/noarch/font-ttf-inconsolata-3.000-h77eed37_0.tar.bz2
  version: '3.000'
- category: main
  dependencies: {}
  hash:
    md5: 4d59c254e01d9cde7957100457e2d5fb
    sha256: null
  manager: conda
  name: font-ttf-source-code-pro
  optional: false
  platform: linux-64
  url: https://conda.anaconda.org/conda-forge/noarch/font-ttf-source-code-pro-2.038-h77eed37_0.tar.bz2
  version: '2.038'
- category: main
  dependencies: {}
  hash:
    md5: 19410c3df09dfb12d1206132a1d357c5
    sha256: null
  manager: conda
  name: font-ttf-ubuntu
  optional: false
  platform: linux-64
  url: https://conda.anaconda.org/conda-forge/noarch/font-ttf-ubuntu-0.83-hab24e00_0.tar.bz2
  version: '0.83'
- category: main
  dependencies: {}
  hash:
    md5: 5dd5127afd710f91f6a75821bac0a4f0
    sha256: null
  manager: conda
  name: kernel-headers_linux-64
  optional: false
  platform: linux-64
  url: https://conda.anaconda.org/conda-forge/noarch/kernel-headers_linux-64-2.6.32-he073ed8_15.tar.bz2
  version: 2.6.32
- category: main
  dependencies: {}
  hash:
    md5: bd4f2e711b39af170e7ff15163fe87ee
    sha256: null
  manager: conda
  name: ld_impl_linux-64
  optional: false
  platform: linux-64
  url: https://conda.anaconda.org/conda-forge/linux-64/ld_impl_linux-64-2.36.1-hea4e1c9_2.tar.bz2
  version: 2.36.1
- category: main
  dependencies: {}
  hash:
    md5: 878a30aba0574e69bd920c55f243aa06
    sha256: null
  manager: conda
  name: libgcc-devel_linux-64
  optional: false
  platform: linux-64
  url: https://conda.anaconda.org/conda-forge/linux-64/libgcc-devel_linux-64-10.3.0-he6cfe16_16.tar.bz2
  version: 10.3.0
- category: main
  dependencies: {}
  hash:
    md5: b02605b875559ff99f04351fd5040760
    sha256: null
  manager: conda
  name: libgfortran5
  optional: false
  platform: linux-64
  url: https://conda.anaconda.org/conda-forge/linux-64/libgfortran5-12.1.0-hdcd56e2_16.tar.bz2
  version: 12.1.0
- category: main
  dependencies: {}
  hash:
    md5: baae55f62968547a3731cb668736f611
    sha256: null
  manager: conda
  name: libstdcxx-devel_linux-64
  optional: false
  platform: linux-64
  url: https://conda.anaconda.org/conda-forge/linux-64/libstdcxx-devel_linux-64-10.3.0-he6cfe16_16.tar.bz2
  version: 10.3.0
- category: main
  dependencies: {}
  hash:
    md5: 6f5ba041a41eb102a1027d9e68731be7
    sha256: null
  manager: conda
  name: libstdcxx-ng
  optional: false
  platform: linux-64
  url: https://conda.anaconda.org/conda-forge/linux-64/libstdcxx-ng-12.1.0-ha89aaad_16.tar.bz2
  version: 12.1.0
- category: main
  dependencies:
    font-ttf-dejavu-sans-mono: ''
    font-ttf-inconsolata: ''
    font-ttf-source-code-pro: ''
    font-ttf-ubuntu: ''
  hash:
    md5: f766549260d6815b0c52253f1fb1bb29
    sha256: null
  manager: conda
  name: fonts-conda-forge
  optional: false
  platform: linux-64
  url: https://conda.anaconda.org/conda-forge/noarch/fonts-conda-forge-1-0.tar.bz2
  version: '1'
- category: main
  dependencies:
    libgfortran5: 12.1.0 hdcd56e2_16
  hash:
    md5: 6bf15e29a20f614b18ae89368260d0a2
    sha256: null
  manager: conda
  name: libgfortran-ng
  optional: false
  platform: linux-64
  url: https://conda.anaconda.org/conda-forge/linux-64/libgfortran-ng-12.1.0-h69a702a_16.tar.bz2
  version: 12.1.0
- category: main
  dependencies:
    _libgcc_mutex: 0.1 conda_forge
  hash:
    md5: f013cf7749536ce43d82afbffdf499ab
    sha256: null
  manager: conda
  name: libgomp
  optional: false
  platform: linux-64
  url: https://conda.anaconda.org/conda-forge/linux-64/libgomp-12.1.0-h8d9b700_16.tar.bz2
  version: 12.1.0
- category: main
  dependencies:
    kernel-headers_linux-64: 2.6.32 he073ed8_15
  hash:
    md5: 66c192522eacf5bb763568b4e415d133
    sha256: null
  manager: conda
  name: sysroot_linux-64
  optional: false
  platform: linux-64
  url: https://conda.anaconda.org/conda-forge/noarch/sysroot_linux-64-2.12-he073ed8_15.tar.bz2
  version: '2.12'
- category: main
  dependencies:
    _libgcc_mutex: 0.1 conda_forge
    libgomp: '>=7.5.0'
  hash:
    md5: 73aaf86a425cc6e73fcf236a5a46396d
    sha256: null
  manager: conda
  name: _openmp_mutex
  optional: false
  platform: linux-64
  url: https://conda.anaconda.org/conda-forge/linux-64/_openmp_mutex-4.5-2_gnu.tar.bz2
  version: '4.5'
- category: main
  dependencies:
    ld_impl_linux-64: 2.36.1 hea4e1c9_2
    sysroot_linux-64: ''
  hash:
    md5: 32aae4265554a47ea77f7c09f86aeb3b
    sha256: null
  manager: conda
  name: binutils_impl_linux-64
  optional: false
  platform: linux-64
  url: https://conda.anaconda.org/conda-forge/linux-64/binutils_impl_linux-64-2.36.1-h193b22a_2.tar.bz2
  version: 2.36.1
- category: main
  dependencies:
    fonts-conda-forge: ''
  hash:
    md5: fee5683a3f04bd15cbd8318b096a27ab
    sha256: null
  manager: conda
  name: fonts-conda-ecosystem
  optional: false
  platform: linux-64
  url: https://conda.anaconda.org/conda-forge/noarch/fonts-conda-ecosystem-1-0.tar.bz2
  version: '1'
- category: main
  dependencies:
    binutils_impl_linux-64: 2.36.*
    sysroot_linux-64: ''
  hash:
    md5: 9d5cdbfe24b182d4c749b86d500ac9d2
    sha256: null
  manager: conda
  name: binutils_linux-64
  optional: false
  platform: linux-64
  url: https://conda.anaconda.org/conda-forge/linux-64/binutils_linux-64-2.36-hf3e587d_10.tar.bz2
  version: '2.36'
- category: main
  dependencies:
    _libgcc_mutex: 0.1 conda_forge
    _openmp_mutex: '>=4.5'
  hash:
    md5: 4f05bc9844f7c101e6e147dab3c88d5c
    sha256: null
  manager: conda
  name: libgcc-ng
  optional: false
  platform: linux-64
  url: https://conda.anaconda.org/conda-forge/linux-64/libgcc-ng-12.1.0-h8d9b700_16.tar.bz2
  version: 12.1.0
- category: main
  dependencies:
    libgcc-ng: '>=9.3.0'
  hash:
    md5: a1fd65c7ccbf10880423d82bca54eb54
    sha256: null
  manager: conda
  name: bzip2
  optional: false
  platform: linux-64
  url: https://conda.anaconda.org/conda-forge/linux-64/bzip2-1.0.8-h7f98852_4.tar.bz2
  version: 1.0.8
- category: main
  dependencies:
    libgcc-ng: '>=9.4.0'
  hash:
    md5: f26ef8098fab1f719c91eb760d63381a
    sha256: null
  manager: conda
  name: c-ares
  optional: false
  platform: linux-64
  url: https://conda.anaconda.org/conda-forge/linux-64/c-ares-1.18.1-h7f98852_0.tar.bz2
  version: 1.18.1
- category: main
  dependencies:
    libgcc-ng: '>=10.3.0'
    libstdcxx-ng: '>=10.3.0'
  hash:
    md5: e1b07832504eeba765d648389cc387a9
    sha256: null
  manager: conda
  name: expat
  optional: false
  platform: linux-64
  url: https://conda.anaconda.org/conda-forge/linux-64/expat-2.4.8-h27087fc_0.tar.bz2
  version: 2.4.8
- category: main
  dependencies:
    libgcc-ng: '>=7.5.0'
  hash:
    md5: ac7bc6a654f8f41b352b38f4051135f8
    sha256: null
  manager: conda
  name: fribidi
  optional: false
  platform: linux-64
  url: https://conda.anaconda.org/conda-forge/linux-64/fribidi-1.0.10-h36c2ea0_0.tar.bz2
  version: 1.0.10
- category: main
  dependencies:
    libgcc-ng: '>=7.5.0'
    libstdcxx-ng: '>=7.5.0'
  hash:
    md5: 8c54672728e8ec6aa6db90cf2806d220
    sha256: null
  manager: conda
  name: graphite2
  optional: false
  platform: linux-64
  url: https://conda.anaconda.org/conda-forge/linux-64/graphite2-1.3.13-h58526e2_1001.tar.bz2
  version: 1.3.13
- category: main
  dependencies:
    libgcc-ng: '>=10.3.0'
    libstdcxx-ng: '>=10.3.0'
  hash:
    md5: 87473a15119779e021c314249d4b4aed
    sha256: null
  manager: conda
  name: icu
  optional: false
  platform: linux-64
  url: https://conda.anaconda.org/conda-forge/linux-64/icu-70.1-h27087fc_0.tar.bz2
  version: '70.1'
- category: main
  dependencies:
    libgcc-ng: '>=12'
  hash:
    md5: ee8b844357a0946870901c7c6f418268
    sha256: null
  manager: conda
  name: jpeg
  optional: false
  platform: linux-64
  url: https://conda.anaconda.org/conda-forge/linux-64/jpeg-9e-h166bdaf_2.tar.bz2
  version: 9e
- category: main
  dependencies:
    libgcc-ng: '>=10.3.0'
  hash:
    md5: 30186d27e2c9fa62b45fb1476b7200e3
    sha256: null
  manager: conda
  name: keyutils
  optional: false
  platform: linux-64
  url: https://conda.anaconda.org/conda-forge/linux-64/keyutils-1.6.1-h166bdaf_0.tar.bz2
  version: 1.6.1
- category: main
  dependencies:
    libgcc-ng: '>=9.4.0'
    libstdcxx-ng: '>=9.4.0'
  hash:
    md5: 7fcefde484980d23f0ec24c11e314d2e
    sha256: null
  manager: conda
  name: lerc
  optional: false
  platform: linux-64
  url: https://conda.anaconda.org/conda-forge/linux-64/lerc-3.0-h9c3ff4c_0.tar.bz2
  version: '3.0'
- category: main
  dependencies:
    libgcc-ng: '>=12'
  hash:
    md5: d56e3db8fa642fb383f18f5be35eeef2
    sha256: null
  manager: conda
  name: libdeflate
  optional: false
  platform: linux-64
  url: https://conda.anaconda.org/conda-forge/linux-64/libdeflate-1.12-h166bdaf_0.tar.bz2
  version: '1.12'
- category: main
  dependencies:
    libgcc-ng: '>=7.5.0'
  hash:
    md5: 6f8720dff19e17ce5d48cfe7f3d2f0a3
    sha256: null
  manager: conda
  name: libev
  optional: false
  platform: linux-64
  url: https://conda.anaconda.org/conda-forge/linux-64/libev-4.33-h516909a_1.tar.bz2
  version: '4.33'
- category: main
  dependencies:
    libgcc-ng: '>=9.4.0'
  hash:
    md5: d645c6d2ac96843a2bfaccd2d62b3ac3
    sha256: null
  manager: conda
  name: libffi
  optional: false
  platform: linux-64
  url: https://conda.anaconda.org/conda-forge/linux-64/libffi-3.4.2-h7f98852_5.tar.bz2
  version: 3.4.2
- category: main
  dependencies:
    libgcc-ng: '>=7.5.0'
  hash:
    md5: 5c0f338a513a2943c659ae619fca9211
    sha256: null
  manager: conda
  name: libiconv
  optional: false
  platform: linux-64
  url: https://conda.anaconda.org/conda-forge/linux-64/libiconv-1.16-h516909a_0.tar.bz2
  version: '1.16'
- category: main
  dependencies:
    libgcc-ng: '>=10.3.0'
    libgfortran-ng: ''
    libgfortran5: '>=10.3.0'
  hash:
    md5: 9b6d0781953c9e353faee494336cc229
    sha256: null
  manager: conda
  name: libopenblas
  optional: false
  platform: linux-64
  url: https://conda.anaconda.org/conda-forge/linux-64/libopenblas-0.3.20-pthreads_h78a6416_0.tar.bz2
  version: 0.3.20
- category: main
  dependencies:
    libgcc-ng: '>=10.3.0'
  hash:
    md5: 4076c395c7fa53cd708949e4be48154e
    sha256: null
  manager: conda
  name: libsanitizer
  optional: false
  platform: linux-64
  url: https://conda.anaconda.org/conda-forge/linux-64/libsanitizer-10.3.0-h26c7422_16.tar.bz2
  version: 10.3.0
- category: main
  dependencies:
    libgcc-ng: '>=9.3.0'
  hash:
    md5: 772d69f030955d9646d3d0eaf21d859d
    sha256: null
  manager: conda
  name: libuuid
  optional: false
  platform: linux-64
  url: https://conda.anaconda.org/conda-forge/linux-64/libuuid-2.32.1-h7f98852_1000.tar.bz2
  version: 2.32.1
- category: main
  dependencies:
    libgcc-ng: '>=12'
  hash:
    md5: 3d6168ac3560d473e52a7cb836400135
    sha256: null
  manager: conda
  name: libwebp-base
  optional: false
  platform: linux-64
  url: https://conda.anaconda.org/conda-forge/linux-64/libwebp-base-1.2.3-h166bdaf_0.tar.bz2
  version: 1.2.3
- category: main
  dependencies:
    libgcc-ng: '>=12'
  hash:
    md5: 8302381297332ea50532cf2c67961080
    sha256: null
  manager: conda
  name: libzlib
  optional: false
  platform: linux-64
  url: https://conda.anaconda.org/conda-forge/linux-64/libzlib-1.2.12-h166bdaf_2.tar.bz2
  version: 1.2.12
- category: main
  dependencies:
    libgcc-ng: '>=9.3.0'
    libstdcxx-ng: '>=9.3.0'
  hash:
    md5: fbe97e8fa6f275d7c76a09e795adc3e6
    sha256: null
  manager: conda
  name: lz4-c
  optional: false
  platform: linux-64
  url: https://conda.anaconda.org/conda-forge/linux-64/lz4-c-1.9.3-h9c3ff4c_1.tar.bz2
  version: 1.9.3
- category: main
  dependencies:
    libgcc-ng: '>=7.5.0'
  hash:
    md5: 4049ebfd3190b580dffe76daed26155a
    sha256: null
  manager: conda
  name: make
  optional: false
  platform: linux-64
  url: https://conda.anaconda.org/conda-forge/linux-64/make-4.3-hd18ef5c_1.tar.bz2
  version: '4.3'
- category: main
  dependencies:
    libgcc-ng: '>=10.3.0'
  hash:
    md5: 4acfc691e64342b9dae57cf2adc63238
    sha256: null
  manager: conda
  name: ncurses
  optional: false
  platform: linux-64
  url: https://conda.anaconda.org/conda-forge/linux-64/ncurses-6.3-h27087fc_1.tar.bz2
  version: '6.3'
- category: main
  dependencies:
    ca-certificates: ''
    libgcc-ng: '>=12'
  hash:
    md5: f158304d1e469c37e9ffdbe796305571
    sha256: null
  manager: conda
  name: openssl
  optional: false
  platform: linux-64
  url: https://conda.anaconda.org/conda-forge/linux-64/openssl-3.0.5-h166bdaf_0.tar.bz2
  version: 3.0.5
- category: main
  dependencies:
    libgcc-ng: '>=9.3.0'
    libstdcxx-ng: '>=9.3.0'
  hash:
    md5: c05d1820a6d34ff07aaaab7a9b7eddaa
    sha256: null
  manager: conda
  name: pcre
  optional: false
  platform: linux-64
  url: https://conda.anaconda.org/conda-forge/linux-64/pcre-8.45-h9c3ff4c_0.tar.bz2
  version: '8.45'
- category: main
  dependencies:
    libgcc-ng: '>=7.5.0'
  hash:
    md5: 660e72c82f2e75a6b3fe6a6e75c79f19
    sha256: null
  manager: conda
  name: pixman
  optional: false
  platform: linux-64
  url: https://conda.anaconda.org/conda-forge/linux-64/pixman-0.40.0-h36c2ea0_0.tar.bz2
  version: 0.40.0
- category: main
  dependencies:
    libgcc-ng: '>=7.5.0'
  hash:
    md5: 22dad4df6e8630e8dff2428f6f6a7036
    sha256: null
  manager: conda
  name: pthread-stubs
  optional: false
  platform: linux-64
  url: https://conda.anaconda.org/conda-forge/linux-64/pthread-stubs-0.4-h36c2ea0_1001.tar.bz2
  version: '0.4'
- category: main
  dependencies:
    libgcc-ng: '>=7.5.0'
  hash:
    md5: 7362f0042e95681f5d371c46c83ebd08
    sha256: null
  manager: conda
  name: sed
  optional: false
  platform: linux-64
  url: https://conda.anaconda.org/conda-forge/linux-64/sed-4.8-he412f7d_0.tar.bz2
  version: '4.8'
- category: main
  dependencies:
    libgcc-ng: '>=9.3.0'
  hash:
    md5: 4b230e8381279d76131116660f5a241a
    sha256: null
  manager: conda
  name: xorg-kbproto
  optional: false
  platform: linux-64
  url: https://conda.anaconda.org/conda-forge/linux-64/xorg-kbproto-1.0.7-h7f98852_1002.tar.bz2
  version: 1.0.7
- category: main
  dependencies:
    libgcc-ng: '>=9.3.0'
  hash:
    md5: d6b0b50b49eccfe0be0373be628be0f3
    sha256: null
  manager: conda
  name: xorg-libice
  optional: false
  platform: linux-64
  url: https://conda.anaconda.org/conda-forge/linux-64/xorg-libice-1.0.10-h7f98852_0.tar.bz2
  version: 1.0.10
- category: main
  dependencies:
    libgcc-ng: '>=9.3.0'
  hash:
    md5: bf6f803a544f26ebbdc3bfff272eb179
    sha256: null
  manager: conda
  name: xorg-libxau
  optional: false
  platform: linux-64
  url: https://conda.anaconda.org/conda-forge/linux-64/xorg-libxau-1.0.9-h7f98852_0.tar.bz2
  version: 1.0.9
- category: main
  dependencies:
    libgcc-ng: '>=9.3.0'
  hash:
    md5: be93aabceefa2fac576e971aef407908
    sha256: null
  manager: conda
  name: xorg-libxdmcp
  optional: false
  platform: linux-64
  url: https://conda.anaconda.org/conda-forge/linux-64/xorg-libxdmcp-1.1.3-h7f98852_0.tar.bz2
  version: 1.1.3
- category: main
  dependencies:
    libgcc-ng: '>=9.3.0'
  hash:
    md5: 06feff3d2634e3097ce2fe681474b534
    sha256: null
  manager: conda
  name: xorg-renderproto
  optional: false
  platform: linux-64
  url: https://conda.anaconda.org/conda-forge/linux-64/xorg-renderproto-0.11.1-h7f98852_1002.tar.bz2
  version: 0.11.1
- category: main
  dependencies:
    libgcc-ng: '>=9.3.0'
  hash:
    md5: 1e15f6ad85a7d743a2ac68dae6c82b98
    sha256: null
  manager: conda
  name: xorg-xextproto
  optional: false
  platform: linux-64
  url: https://conda.anaconda.org/conda-forge/linux-64/xorg-xextproto-7.3.0-h7f98852_1002.tar.bz2
  version: 7.3.0
- category: main
  dependencies:
    libgcc-ng: '>=9.3.0'
  hash:
    md5: b4a4381d54784606820704f7b5f05a15
    sha256: null
  manager: conda
  name: xorg-xproto
  optional: false
  platform: linux-64
  url: https://conda.anaconda.org/conda-forge/linux-64/xorg-xproto-7.0.31-h7f98852_1007.tar.bz2
  version: 7.0.31
- category: main
  dependencies:
    libgcc-ng: '>=7.5.0'
  hash:
    md5: 33f601066901f3e1a85af3522a8113f9
    sha256: null
  manager: conda
  name: xz
  optional: false
  platform: linux-64
  url: https://conda.anaconda.org/conda-forge/linux-64/xz-5.2.5-h516909a_1.tar.bz2
  version: 5.2.5
- category: main
  dependencies:
    binutils_impl_linux-64: 2.36.1.*
    libgcc-devel_linux-64: 10.3.0 he6cfe16_16
    libgcc-ng: '>=10.3.0'
    libgomp: '>=10.3.0'
    libsanitizer: 10.3.0 h26c7422_16
    libstdcxx-ng: '>=10.3.0'
    sysroot_linux-64: ''
  hash:
    md5: a340c8ce9e702836e999984fcabd1b6e
    sha256: null
  manager: conda
  name: gcc_impl_linux-64
  optional: false
  platform: linux-64
  url: https://conda.anaconda.org/conda-forge/linux-64/gcc_impl_linux-64-10.3.0-hf2f2afa_16.tar.bz2
  version: 10.3.0
- category: main
  dependencies:
    libffi: '>=3.4.2,<3.5.0a0'
    libgcc-ng: '>=9.4.0'
  hash:
    md5: af49250eca8e139378f8ff0ae9e57251
    sha256: null
  manager: conda
  name: gettext
  optional: false
  platform: linux-64
  url: https://conda.anaconda.org/conda-forge/linux-64/gettext-0.19.8.1-h73d1719_1008.tar.bz2
  version: 0.19.8.1
- category: main
  dependencies:
    libopenblas: '>=0.3.20,<1.0a0'
  hash:
    md5: 04eb983975a1be3e57d6d667414cd774
    sha256: null
  manager: conda
  name: libblas
  optional: false
  platform: linux-64
  url: https://conda.anaconda.org/conda-forge/linux-64/libblas-3.9.0-15_linux64_openblas.tar.bz2
  version: 3.9.0
- category: main
  dependencies:
    libgcc-ng: '>=7.5.0'
    ncurses: '>=6.2,<7.0.0a0'
  hash:
    md5: 4d331e44109e3f0e19b4cb8f9b82f3e1
    sha256: null
  manager: conda
  name: libedit
  optional: false
  platform: linux-64
  url: https://conda.anaconda.org/conda-forge/linux-64/libedit-3.1.20191231-he28a2e2_2.tar.bz2
  version: 3.1.20191231
- category: main
  dependencies:
    libgcc-ng: '>=9.4.0'
    pthread-stubs: ''
    xorg-libxau: ''
    xorg-libxdmcp: ''
  hash:
    md5: b3653fdc58d03face9724f602218a904
    sha256: null
  manager: conda
  name: libxcb
  optional: false
  platform: linux-64
  url: https://conda.anaconda.org/conda-forge/linux-64/libxcb-1.13-h7f98852_1004.tar.bz2
  version: '1.13'
- category: main
  dependencies:
    libgcc-ng: '>=12'
    ncurses: '>=6.3,<7.0a0'
  hash:
    md5: db2ebbe2943aae81ed051a6a9af8e0fa
    sha256: null
  manager: conda
  name: readline
  optional: false
  platform: linux-64
  url: https://conda.anaconda.org/conda-forge/linux-64/readline-8.1.2-h0f457ee_0.tar.bz2
  version: 8.1.2
- category: main
  dependencies:
    libgcc-ng: '>=9.4.0'
    libzlib: '>=1.2.11,<1.3.0a0'
  hash:
    md5: 5b8c42eb62e9fc961af70bdd6a26e168
    sha256: null
  manager: conda
  name: tk
  optional: false
  platform: linux-64
  url: https://conda.anaconda.org/conda-forge/linux-64/tk-8.6.12-h27826a3_0.tar.bz2
  version: 8.6.12
- category: main
  dependencies:
    libgcc-ng: '>=9.3.0'
    libuuid: '>=2.32.1,<3.0a0'
    xorg-libice: 1.0.*
  hash:
    md5: 9e856f78d5c80d5a78f61e72d1d473a3
    sha256: null
  manager: conda
  name: xorg-libsm
  optional: false
  platform: linux-64
  url: https://conda.anaconda.org/conda-forge/linux-64/xorg-libsm-1.2.3-hd9c2040_1000.tar.bz2
  version: 1.2.3
- category: main
  dependencies:
    libgcc-ng: '>=12'
    libzlib: 1.2.12 h166bdaf_2
  hash:
    md5: 4533821485cde83ab12ff3d8bda83768
    sha256: null
  manager: conda
  name: zlib
  optional: false
  platform: linux-64
  url: https://conda.anaconda.org/conda-forge/linux-64/zlib-1.2.12-h166bdaf_2.tar.bz2
  version: 1.2.12
- category: main
  dependencies:
    libgcc-ng: '>=12'
    libstdcxx-ng: '>=12'
    libzlib: '>=1.2.12,<1.3.0a0'
    lz4-c: '>=1.9.3,<1.10.0a0'
    xz: '>=5.2.5,<5.3.0a0'
  hash:
    md5: 78c26dbb6e07d95ccc0eab8d4540aa0c
    sha256: null
  manager: conda
  name: zstd
  optional: false
  platform: linux-64
  url: https://conda.anaconda.org/conda-forge/linux-64/zstd-1.5.2-h8a70e8d_2.tar.bz2
  version: 1.5.2
- category: main
  dependencies:
    tk: ''
  hash:
    md5: 5746d6202ba2abad4a4707f2a2462795
    sha256: null
  manager: conda
  name: bwidget
  optional: false
  platform: linux-64
  url: https://conda.anaconda.org/conda-forge/linux-64/bwidget-1.9.14-ha770c72_1.tar.bz2
  version: 1.9.14
- category: main
  dependencies:
    binutils_linux-64: 2.36 hf3e587d_10
    gcc_impl_linux-64: 10.3.0.*
    sysroot_linux-64: ''
  hash:
    md5: 6e52c54509389c06f88ea74c137f75be
    sha256: null
  manager: conda
  name: gcc_linux-64
  optional: false
  platform: linux-64
  url: https://conda.anaconda.org/conda-forge/linux-64/gcc_linux-64-10.3.0-hc39de41_10.tar.bz2
  version: 10.3.0
- category: main
  dependencies:
    gcc_impl_linux-64: '>=10.3.0'
    libgcc-ng: '>=4.9'
    libgfortran5: '>=10.3.0'
    libstdcxx-ng: '>=4.9'
    sysroot_linux-64: ''
  hash:
    md5: 0407b066da49b4562ce054c06b40558c
    sha256: null
  manager: conda
  name: gfortran_impl_linux-64
  optional: false
  platform: linux-64
  url: https://conda.anaconda.org/conda-forge/linux-64/gfortran_impl_linux-64-10.3.0-h73f4979_16.tar.bz2
  version: 10.3.0
- category: main
  dependencies:
    gcc_impl_linux-64: 10.3.0 hf2f2afa_16
    libstdcxx-devel_linux-64: 10.3.0 he6cfe16_16
    sysroot_linux-64: ''
  hash:
    md5: f825336ce3d4dba77ffd1edc78e7abf9
    sha256: null
  manager: conda
  name: gxx_impl_linux-64
  optional: false
  platform: linux-64
  url: https://conda.anaconda.org/conda-forge/linux-64/gxx_impl_linux-64-10.3.0-hf2f2afa_16.tar.bz2
  version: 10.3.0
- category: main
  dependencies:
    keyutils: '>=1.6.1,<2.0a0'
    libedit: '>=3.1.20191231,<4.0a0'
    libgcc-ng: '>=10.3.0'
    libstdcxx-ng: '>=10.3.0'
    openssl: '>=3.0.0,<4.0a0'
  hash:
    md5: d25e05e7ee0e302b52d24491db4891eb
    sha256: null
  manager: conda
  name: krb5
  optional: false
  platform: linux-64
  url: https://conda.anaconda.org/conda-forge/linux-64/krb5-1.19.3-h08a2579_0.tar.bz2
  version: 1.19.3
- category: main
  dependencies:
    libblas: 3.9.0 15_linux64_openblas
  hash:
    md5: f45968428e445fd0c6472b561145812a
    sha256: null
  manager: conda
  name: libcblas
  optional: false
  platform: linux-64
  url: https://conda.anaconda.org/conda-forge/linux-64/libcblas-3.9.0-15_linux64_openblas.tar.bz2
  version: 3.9.0
- category: main
  dependencies:
    gettext: '>=0.19.8.1,<1.0a0'
    libffi: '>=3.4.2,<3.5.0a0'
    libgcc-ng: '>=12'
    libiconv: '>=1.16,<1.17.0a0'
    libstdcxx-ng: '>=12'
    libzlib: '>=1.2.12,<1.3.0a0'
    pcre: '>=8.45,<9.0a0'
  hash:
    md5: ebeadbb5fbc44052eeb6f96a2136e3c2
    sha256: null
  manager: conda
  name: libglib
  optional: false
  platform: linux-64
  url: https://conda.anaconda.org/conda-forge/linux-64/libglib-2.72.1-h2d90d5f_0.tar.bz2
  version: 2.72.1
- category: main
  dependencies:
    libblas: 3.9.0 15_linux64_openblas
  hash:
    md5: b7078220384b8bf8db1a45e66412ac4f
    sha256: null
  manager: conda
  name: liblapack
  optional: false
  platform: linux-64
  url: https://conda.anaconda.org/conda-forge/linux-64/liblapack-3.9.0-15_linux64_openblas.tar.bz2
  version: 3.9.0
- category: main
  dependencies:
    c-ares: '>=1.7.5'
    libev: '>=4.33,<4.34.0a0'
    libgcc-ng: '>=10.3.0'
    libstdcxx-ng: '>=10.3.0'
    libzlib: '>=1.2.11,<1.3.0a0'
    openssl: '>=3.0.0,<4.0a0'
    zlib: '>=1.2.11,<1.3.0a0'
  hash:
    md5: 2a45132d4afadacf23f401c997ac163b
    sha256: null
  manager: conda
  name: libnghttp2
  optional: false
  platform: linux-64
  url: https://conda.anaconda.org/conda-forge/linux-64/libnghttp2-1.47.0-he49606f_0.tar.bz2
  version: 1.47.0
- category: main
  dependencies:
    libgcc-ng: '>=12'
    libzlib: '>=1.2.12,<1.3.0a0'
    zlib: '>=1.2.12,<1.3.0a0'
  hash:
    md5: 3e868978a04de8bf65a97bb86760f47a
    sha256: null
  manager: conda
  name: libpng
  optional: false
  platform: linux-64
  url: https://conda.anaconda.org/conda-forge/linux-64/libpng-1.6.37-h753d276_3.tar.bz2
  version: 1.6.37
- category: main
  dependencies:
    libgcc-ng: '>=9.4.0'
    openssl: '>=3.0.0,<4.0a0'
    zlib: '>=1.2.11,<1.3.0a0'
  hash:
    md5: e0adb0915b3e6971a84e347f998ca837
    sha256: null
  manager: conda
  name: libssh2
  optional: false
  platform: linux-64
  url: https://conda.anaconda.org/conda-forge/linux-64/libssh2-1.10.0-ha35d2d1_2.tar.bz2
  version: 1.10.0
- category: main
  dependencies:
    jpeg: '>=9e,<10a'
    lerc: '>=3.0,<4.0a0'
    libdeflate: '>=1.12,<1.13.0a0'
    libgcc-ng: '>=12'
    libstdcxx-ng: '>=12'
    libwebp-base: ''
    libzlib: '>=1.2.12,<1.3.0a0'
    xz: '>=5.2.5,<5.3.0a0'
    zstd: '>=1.5.2,<1.6.0a0'
  hash:
    md5: 151f9fae3ab50f039c8735e47770aa2d
    sha256: null
  manager: conda
  name: libtiff
  optional: false
  platform: linux-64
  url: https://conda.anaconda.org/conda-forge/linux-64/libtiff-4.4.0-hc85c160_1.tar.bz2
  version: 4.4.0
- category: main
  dependencies:
    icu: '>=70.1,<71.0a0'
    libgcc-ng: '>=12'
    libiconv: '>=1.16,<1.17.0a0'
    libzlib: '>=1.2.12,<1.3.0a0'
    xz: '>=5.2.5,<5.3.0a0'
    zlib: '>=1.2.12,<1.3.0a0'
  hash:
    md5: b6f4a0850ba620030a48b88c25497aaa
    sha256: null
  manager: conda
  name: libxml2
  optional: false
  platform: linux-64
  url: https://conda.anaconda.org/conda-forge/linux-64/libxml2-2.9.14-h22db469_3.tar.bz2
  version: 2.9.14
- category: main
  dependencies:
    bzip2: '>=1.0.8,<2.0a0'
    libgcc-ng: '>=9.3.0'
    zlib: '>=1.2.11,<1.3.0a0'
  hash:
    md5: 6469e4602e914febe6f057ad2271a54e
    sha256: null
  manager: conda
  name: pcre2
  optional: false
  platform: linux-64
  url: https://conda.anaconda.org/conda-forge/linux-64/pcre2-10.37-h032f7d1_0.tar.bz2
  version: '10.37'
- category: main
  dependencies:
    libgcc-ng: '>=10.3.0'
    zlib: ''
  hash:
    md5: b0b07137518937a82d5201a52975db6f
    sha256: null
  manager: conda
  name: sirius-csifingerid
  optional: false
  platform: linux-64
  url: https://conda.anaconda.org/bioconda/linux-64/sirius-csifingerid-4.9.15-hec16e2b_1.tar.bz2
  version: 4.9.15
- category: main
  dependencies:
    libgcc-ng: '>=7.5.0'
    tk: '>=8.6.10,<8.7.0a0'
  hash:
    md5: ea4d0879e40211fa26f38d8986db1bbe
    sha256: null
  manager: conda
  name: tktable
  optional: false
  platform: linux-64
  url: https://conda.anaconda.org/conda-forge/linux-64/tktable-2.10-hb7b940f_3.tar.bz2
  version: '2.10'
- category: main
  dependencies:
    libgcc-ng: '>=9.3.0'
    libxcb: 1.*
    xorg-kbproto: ''
    xorg-xproto: ''
  hash:
    md5: 12a61e640b8894504326aadafccbb790
    sha256: null
  manager: conda
  name: xorg-libx11
  optional: false
  platform: linux-64
  url: https://conda.anaconda.org/conda-forge/linux-64/xorg-libx11-1.7.2-h7f98852_0.tar.bz2
  version: 1.7.2
- category: main
  dependencies:
    libgcc-ng: '>=9.3.0'
    libpng: '>=1.6.37,<1.7.0a0'
    zlib: '>=1.2.11,<1.3.0a0'
  hash:
    md5: 4a06f2ac2e5bfae7b6b245171c3f07aa
    sha256: null
  manager: conda
  name: freetype
  optional: false
  platform: linux-64
  url: https://conda.anaconda.org/conda-forge/linux-64/freetype-2.10.4-h0708190_1.tar.bz2
  version: 2.10.4
- category: main
  dependencies:
    binutils_linux-64: 2.36 hf3e587d_10
    gcc_linux-64: 10.3.0 hc39de41_10
    gfortran_impl_linux-64: 10.3.0.*
    sysroot_linux-64: ''
  hash:
    md5: dd9058b625a6edce185db90cf99e3590
    sha256: null
  manager: conda
  name: gfortran_linux-64
  optional: false
  platform: linux-64
  url: https://conda.anaconda.org/conda-forge/linux-64/gfortran_linux-64-10.3.0-hb09a455_10.tar.bz2
  version: 10.3.0
- category: main
  dependencies:
    libblas: '>=3.8.0,<4.0a0'
    libcblas: '>=3.8.0,<4.0a0'
    libgcc-ng: '>=9.3.0'
  hash:
    md5: fec079ba39c9cca093bf4c00001825de
    sha256: null
  manager: conda
  name: gsl
  optional: false
  platform: linux-64
  url: https://conda.anaconda.org/conda-forge/linux-64/gsl-2.7-he838d99_0.tar.bz2
  version: '2.7'
- category: main
  dependencies:
    binutils_linux-64: 2.36 hf3e587d_10
    gcc_linux-64: 10.3.0 hc39de41_10
    gxx_impl_linux-64: 10.3.0.*
    sysroot_linux-64: ''
  hash:
    md5: 075de70ba0493c56ed9e9cda930978ce
    sha256: null
  manager: conda
  name: gxx_linux-64
  optional: false
  platform: linux-64
  url: https://conda.anaconda.org/conda-forge/linux-64/gxx_linux-64-10.3.0-h2593f52_10.tar.bz2
  version: 10.3.0
- category: main
  dependencies:
    krb5: '>=1.19.3,<1.20.0a0'
    libgcc-ng: '>=10.3.0'
    libnghttp2: '>=1.47.0,<2.0a0'
    libssh2: '>=1.10.0,<2.0a0'
    libzlib: '>=1.2.11,<1.3.0a0'
    openssl: '>=3.0.3,<4.0a0'
  hash:
    md5: 2a10689a8be25009984735be9a2b26a9
    sha256: null
  manager: conda
  name: libcurl
  optional: false
  platform: linux-64
  url: https://conda.anaconda.org/conda-forge/linux-64/libcurl-7.83.1-h2283fc2_0.tar.bz2
  version: 7.83.1
- category: main
  dependencies:
    libgcc-ng: '>=9.3.0'
    xorg-libx11: '>=1.7.0,<2.0a0'
    xorg-xextproto: ''
  hash:
    md5: 536cc5db4d0a3ba0630541aec064b5e4
    sha256: null
  manager: conda
  name: xorg-libxext
  optional: false
  platform: linux-64
  url: https://conda.anaconda.org/conda-forge/linux-64/xorg-libxext-1.3.4-h7f98852_1.tar.bz2
  version: 1.3.4
- category: main
  dependencies:
    libgcc-ng: '>=9.3.0'
    xorg-libx11: '>=1.7.0,<2.0a0'
    xorg-renderproto: ''
  hash:
    md5: f59c1242cc1dd93e72c2ee2b360979eb
    sha256: null
  manager: conda
  name: xorg-libxrender
  optional: false
  platform: linux-64
  url: https://conda.anaconda.org/conda-forge/linux-64/xorg-libxrender-0.9.10-h7f98852_1003.tar.bz2
  version: 0.9.10
- category: main
  dependencies:
    libgcc-ng: '>=9.3.0'
    xorg-kbproto: ''
    xorg-libice: 1.0.*
    xorg-libsm: 1.2.*
    xorg-libx11: '>=1.7.0,<2.0a0'
    xorg-xproto: ''
  hash:
    md5: 60d6eec5273f1c9af096c10c268912e3
    sha256: null
  manager: conda
  name: xorg-libxt
  optional: false
  platform: linux-64
  url: https://conda.anaconda.org/conda-forge/linux-64/xorg-libxt-1.2.1-h7f98852_2.tar.bz2
  version: 1.2.1
- category: main
  dependencies:
    krb5: '>=1.19.3,<1.20.0a0'
    libcurl: 7.83.1 h2283fc2_0
    libgcc-ng: '>=10.3.0'
    libssh2: '>=1.10.0,<2.0a0'
    libzlib: '>=1.2.11,<1.3.0a0'
    openssl: '>=3.0.3,<4.0a0'
  hash:
    md5: 8968421d2c89a6b89dfc28d283971de1
    sha256: null
  manager: conda
  name: curl
  optional: false
  platform: linux-64
  url: https://conda.anaconda.org/conda-forge/linux-64/curl-7.83.1-h2283fc2_0.tar.bz2
  version: 7.83.1
- category: main
  dependencies:
    expat: '>=2.4.8,<3.0a0'
    freetype: '>=2.10.4,<3.0a0'
    libgcc-ng: '>=10.3.0'
    libuuid: '>=2.32.1,<3.0a0'
  hash:
    md5: f314f79031fec74adc9bff50fbaffd89
    sha256: null
  manager: conda
  name: fontconfig
  optional: false
  platform: linux-64
  url: https://conda.anaconda.org/conda-forge/linux-64/fontconfig-2.14.0-h8e229c2_0.tar.bz2
  version: 2.14.0
- category: main
  dependencies:
    fontconfig: '>=2.13.96,<3.0a0'
    fonts-conda-ecosystem: ''
    freetype: '>=2.10.4,<3.0a0'
    icu: '>=70.1,<71.0a0'
    libgcc-ng: '>=10.3.0'
    libglib: '>=2.70.2,<3.0a0'
    libpng: '>=1.6.37,<1.7.0a0'
    libxcb: '>=1.13,<1.14.0a0'
    libzlib: '>=1.2.11,<1.3.0a0'
    pixman: '>=0.40.0,<1.0a0'
    xorg-libice: ''
    xorg-libsm: ''
    xorg-libx11: ''
    xorg-libxext: ''
    xorg-libxrender: ''
    zlib: '>=1.2.11,<1.3.0a0'
  hash:
    md5: 0b53c7f7af13244374ef7226bac3f843
    sha256: null
  manager: conda
  name: cairo
  optional: false
  platform: linux-64
  url: https://conda.anaconda.org/conda-forge/linux-64/cairo-1.16.0-ha61ee94_1011.tar.bz2
  version: 1.16.0
- category: main
  dependencies:
    cairo: '>=1.16.0,<1.17.0a0'
    freetype: '>=2.10.4,<3.0a0'
    graphite2: ''
    icu: '>=70.1,<71.0a0'
    libgcc-ng: '>=12'
    libglib: '>=2.70.2,<3.0a0'
    libstdcxx-ng: '>=12'
  hash:
    md5: ac83998fdc71721da8c8f0846a25a503
    sha256: null
  manager: conda
  name: harfbuzz
  optional: false
  platform: linux-64
  url: https://conda.anaconda.org/conda-forge/linux-64/harfbuzz-4.4.1-hf9f4e7c_0.tar.bz2
  version: 4.4.1
- category: main
  dependencies:
    cairo: '>=1.16.0,<1.17.0a0'
    fontconfig: '>=2.13.96,<3.0a0'
    fonts-conda-ecosystem: ''
    freetype: '>=2.10.4,<3.0a0'
    fribidi: '>=1.0.10,<2.0a0'
    harfbuzz: '>=4.4.1,<5.0a0'
    libgcc-ng: '>=12'
    libglib: '>=2.70.2,<3.0a0'
    libpng: '>=1.6.37,<1.7.0a0'
  hash:
    md5: e76dcd4a0efe0c037929f98c2fd87e10
    sha256: null
  manager: conda
  name: pango
  optional: false
  platform: linux-64
  url: https://conda.anaconda.org/conda-forge/linux-64/pango-1.50.8-hbd2fdc8_0.tar.bz2
  version: 1.50.8
- category: main
  dependencies:
    _r-mutex: 1.* anacondar_1
    bwidget: ''
    bzip2: '>=1.0.8,<2.0a0'
    cairo: '>=1.16.0,<1.17.0a0'
    curl: ''
    freetype: '>=2.10.4,<3.0a0'
    gcc_linux-64: '>=10'
    gfortran_linux-64: 10.*
    gsl: '>=2.7,<2.8.0a0'
    gxx_linux-64: '>=10'
    icu: '>=70.1,<71.0a0'
    jpeg: '>=9e,<10a'
    krb5: '>=1.19.3,<1.20.0a0'
    libblas: '>=3.8.0,<4.0a0'
    libcurl: '>=7.82.0,<8.0a0'
    libgcc-ng: '>=10.3.0'
    libgfortran-ng: ''
    libgfortran5: '>=10.3.0'
    libglib: '>=2.70.2,<3.0a0'
    liblapack: '>=3.8.0,<4.0a0'
    libpng: '>=1.6.37,<1.7.0a0'
    libssh2: '>=1.10.0,<2.0a0'
    libstdcxx-ng: '>=10.3.0'
    libtiff: '>=4.3.0,<5.0a0'
    libuuid: '>=2.32.1,<3.0a0'
    libxml2: '>=2.9.12,<2.10.0a0'
    libzlib: '>=1.2.11,<1.3.0a0'
    make: ''
    ncurses: '>=6.3,<7.0a0'
    pango: '>=1.50.6,<1.51.0a0'
    pcre2: '>=10.37,<10.38.0a0'
    readline: '>=8.1,<9.0a0'
    sed: ''
    tk: '>=8.6.12,<8.7.0a0'
    tktable: ''
    xorg-libxt: ''
    xz: '>=5.2.5,<5.3.0a0'
  hash:
    md5: f19666e0f252407e016b5b4a4b236497
    sha256: null
  manager: conda
  name: r-base
  optional: false
  platform: linux-64
  url: https://conda.anaconda.org/conda-forge/linux-64/r-base-4.1.3-h06d3f91_1.tar.bz2
  version: 4.1.3
- category: main
  dependencies:
    r-base: '>=4.1,<4.2.0a0'
  hash:
    md5: a16cad75273e3f3dadfa625960e5c029
    sha256: null
  manager: conda
  name: r-getopt
  optional: false
  platform: linux-64
  url: https://conda.anaconda.org/conda-forge/noarch/r-getopt-1.20.3-r41ha770c72_2.tar.bz2
  version: 1.20.3
- category: main
  dependencies:
    r-base: '>=4.1,<4.2.0a0'
    r-getopt: '>=1.20.2'
  hash:
    md5: 42689b1313f7dcf7d7e8b2d995104111
    sha256: null
  manager: conda
  name: r-optparse
  optional: false
  platform: linux-64
  url: https://conda.anaconda.org/conda-forge/noarch/r-optparse-1.7.1-r41hc72bb7e_0.tar.bz2
  version: 1.7.1
version: 1
